
Microsoft Visual Studio Solution File, Format Version 12.00
# Visual Studio 15
VisualStudioVersion = 15.0.28307.572
MinimumVisualStudioVersion = 10.0.40219.1
Project("{00D1A9C2-B5F0-4AF3-8072-F6C62B433612}") = "ACDW_CLMS_SHCN_MSSP", "ACDW_CLMS_SHCN_MSSP\ACDW_CLMS_SHCN_MSSP.sqlproj", "{287AF185-6A5B-4E1A-9C86-72FFA6D6241D}"
EndProject
Global
	GlobalSection(SolutionConfigurationPlatforms) = preSolution
		Debug|Any CPU = Debug|Any CPU
		Release|Any CPU = Release|Any CPU
	EndGlobalSection
	GlobalSection(ProjectConfigurationPlatforms) = postSolution
		{287AF185-6A5B-4E1A-9C86-72FFA6D6241D}.Debug|Any CPU.ActiveCfg = Debug|Any CPU
		{287AF185-6A5B-4E1A-9C86-72FFA6D6241D}.Debug|Any CPU.Build.0 = Debug|Any CPU
		{287AF185-6A5B-4E1A-9C86-72FFA6D6241D}.Debug|Any CPU.Deploy.0 = Debug|Any CPU
		{287AF185-6A5B-4E1A-9C86-72FFA6D6241D}.Release|Any CPU.ActiveCfg = Release|Any CPU
		{287AF185-6A5B-4E1A-9C86-72FFA6D6241D}.Release|Any CPU.Build.0 = Release|Any CPU
		{287AF185-6A5B-4E1A-9C86-72FFA6D6241D}.Release|Any CPU.Deploy.0 = Release|Any CPU
	EndGlobalSection
	GlobalSection(SolutionProperties) = preSolution
		HideSolutionNode = FALSE
	EndGlobalSection
	GlobalSection(ExtensibilityGlobals) = postSolution
		SolutionGuid = {CA56CD39-A055-45CA-A4D9-A4EEC827C8B2}
	EndGlobalSection
EndGlobal
